// !$*UTF8*$!
{
	archiveVersion = 1;
	classes = {
	};
	objectVersion = 51;
	objects = {

/* Begin PBXBuildFile section */
		607FACD61AFB9204008FA782 /* AppDelegate.swift in Sources */ = {isa = PBXBuildFile; fileRef = 607FACD51AFB9204008FA782 /* AppDelegate.swift */; };
		607FACD81AFB9204008FA782 /* HomeViewController.swift in Sources */ = {isa = PBXBuildFile; fileRef = 607FACD71AFB9204008FA782 /* HomeViewController.swift */; };
		607FACDD1AFB9204008FA782 /* Images.xcassets in Resources */ = {isa = PBXBuildFile; fileRef = 607FACDC1AFB9204008FA782 /* Images.xcassets */; };
		B60ECB9126A593A100A5B01C /* Device.swift in Sources */ = {isa = PBXBuildFile; fileRef = B60ECB8E26A593A100A5B01C /* Device.swift */; };
		B60ECB9226A593A100A5B01C /* Device.swift in Sources */ = {isa = PBXBuildFile; fileRef = B60ECB8E26A593A100A5B01C /* Device.swift */; };
		B60ECB9326A593A100A5B01C /* GOMO.swift in Sources */ = {isa = PBXBuildFile; fileRef = B60ECB8F26A593A100A5B01C /* GOMO.swift */; };
		B60ECB9426A593A100A5B01C /* GOMO.swift in Sources */ = {isa = PBXBuildFile; fileRef = B60ECB8F26A593A100A5B01C /* GOMO.swift */; };
		B610EA4C269E8AC600D91E7D /* Constant.m in Sources */ = {isa = PBXBuildFile; fileRef = B610EA4B269E8AC600D91E7D /* Constant.m */; };
		B610EA4F269EB14F00D91E7D /* UIView+Add.swift in Sources */ = {isa = PBXBuildFile; fileRef = B6CFDB7A269C1502004DA6A9 /* UIView+Add.swift */; };
		B610EA51269EB14F00D91E7D /* Value+Add.swift in Sources */ = {isa = PBXBuildFile; fileRef = B6CFDB7D269C1502004DA6A9 /* Value+Add.swift */; };
		B610EA54269EB14F00D91E7D /* NavigationViewController.swift in Sources */ = {isa = PBXBuildFile; fileRef = B62B9C562698A631000A3609 /* NavigationViewController.swift */; };
		B610EA55269EB14F00D91E7D /* BaseViewController.swift in Sources */ = {isa = PBXBuildFile; fileRef = B6CFDB9D269C1C8F004DA6A9 /* BaseViewController.swift */; };
		B610EA56269EB14F00D91E7D /* Console.swift in Sources */ = {isa = PBXBuildFile; fileRef = B6CFDB90269C1B47004DA6A9 /* Console.swift */; };
		B610EA57269EB14F00D91E7D /* UIViewController+Add.swift in Sources */ = {isa = PBXBuildFile; fileRef = B6CFDB7B269C1502004DA6A9 /* UIViewController+Add.swift */; };
		B610EA58269EB14F00D91E7D /* Constant.m in Sources */ = {isa = PBXBuildFile; fileRef = B610EA4B269E8AC600D91E7D /* Constant.m */; };
		B610EA59269EB14F00D91E7D /* TabBarController.swift in Sources */ = {isa = PBXBuildFile; fileRef = B6CFDB72269C1454004DA6A9 /* TabBarController.swift */; };
		B610EA5A269EB14F00D91E7D /* UIColor+Add.swift in Sources */ = {isa = PBXBuildFile; fileRef = B6CFDB79269C1502004DA6A9 /* UIColor+Add.swift */; };
		B610EA5B269EB14F00D91E7D /* HomeViewController.swift in Sources */ = {isa = PBXBuildFile; fileRef = 607FACD71AFB9204008FA782 /* HomeViewController.swift */; };
		B610EA5C269EB14F00D91E7D /* AppDelegate.swift in Sources */ = {isa = PBXBuildFile; fileRef = 607FACD51AFB9204008FA782 /* AppDelegate.swift */; };
		B610EA5E269EB14F00D91E7D /* UITabBarItem+Add.swift in Sources */ = {isa = PBXBuildFile; fileRef = B6CFDB78269C1502004DA6A9 /* UITabBarItem+Add.swift */; };
		B610EA5F269EB14F00D91E7D /* UIImage+Add.swift in Sources */ = {isa = PBXBuildFile; fileRef = B6CFDB77269C1502004DA6A9 /* UIImage+Add.swift */; };
		B610EA60269EB14F00D91E7D /* String+Add.swift in Sources */ = {isa = PBXBuildFile; fileRef = B6E46AAE269D9F3100346FC6 /* String+Add.swift */; };
		B610EA61269EB14F00D91E7D /* ObjectUnicode.swift in Sources */ = {isa = PBXBuildFile; fileRef = B6CFDB91269C1B47004DA6A9 /* ObjectUnicode.swift */; };
		B610EA62269EB14F00D91E7D /* BaseView.swift in Sources */ = {isa = PBXBuildFile; fileRef = B6CFDB9B269C1C88004DA6A9 /* BaseView.swift */; };
		B610EA63269EB14F00D91E7D /* ProfileViewController.swift in Sources */ = {isa = PBXBuildFile; fileRef = B6CFDC39269C3005004DA6A9 /* ProfileViewController.swift */; };
		B610EA64269EB14F00D91E7D /* Date+Add.swift in Sources */ = {isa = PBXBuildFile; fileRef = B6CFDB7E269C1502004DA6A9 /* Date+Add.swift */; };
		B610EA65269EB14F00D91E7D /* DispatchQueue+Add.swift in Sources */ = {isa = PBXBuildFile; fileRef = B6CFDB7F269C1502004DA6A9 /* DispatchQueue+Add.swift */; };
		B610EA68269EB14F00D91E7D /* Launch Screen.storyboard in Resources */ = {isa = PBXBuildFile; fileRef = B62B9C4E2698A2C0000A3609 /* Launch Screen.storyboard */; };
		B610EA69269EB14F00D91E7D /* Localizable.strings in Resources */ = {isa = PBXBuildFile; fileRef = B6CFDBAB269C1FC0004DA6A9 /* Localizable.strings */; };
		B610EA6A269EB14F00D91E7D /* InfoPlist.strings in Resources */ = {isa = PBXBuildFile; fileRef = B6CFDBA7269C1FB2004DA6A9 /* InfoPlist.strings */; };
		B610EA6B269EB14F00D91E7D /* Images.xcassets in Resources */ = {isa = PBXBuildFile; fileRef = 607FACDC1AFB9204008FA782 /* Images.xcassets */; };
		B610EA72269EB21300D91E7D /* Info_dis.plist in Resources */ = {isa = PBXBuildFile; fileRef = B610EA71269EB21300D91E7D /* Info_dis.plist */; };
		B610EA73269EB21C00D91E7D /* Info_dev.plist in Resources */ = {isa = PBXBuildFile; fileRef = 607FACD41AFB9204008FA782 /* Info_dev.plist */; };
		B610EB14269EBA3600D91E7D /* Car.swift in Sources */ = {isa = PBXBuildFile; fileRef = B610EB13269EBA3600D91E7D /* Car.swift */; };
		B610EB15269EBA3600D91E7D /* Car.swift in Sources */ = {isa = PBXBuildFile; fileRef = B610EB13269EBA3600D91E7D /* Car.swift */; };
		B62B9C4F2698A2C0000A3609 /* Launch Screen.storyboard in Resources */ = {isa = PBXBuildFile; fileRef = B62B9C4E2698A2C0000A3609 /* Launch Screen.storyboard */; };
		B62B9C572698A631000A3609 /* NavigationViewController.swift in Sources */ = {isa = PBXBuildFile; fileRef = B62B9C562698A631000A3609 /* NavigationViewController.swift */; };
		B62D20DB2719628F00C346FB /* Scanner+Add.swift in Sources */ = {isa = PBXBuildFile; fileRef = B62D20DA2719628F00C346FB /* Scanner+Add.swift */; };
		B62D20DC2719628F00C346FB /* Scanner+Add.swift in Sources */ = {isa = PBXBuildFile; fileRef = B62D20DA2719628F00C346FB /* Scanner+Add.swift */; };
		B62D20DD2719638500C346FB /* LayoutView.swift in Sources */ = {isa = PBXBuildFile; fileRef = B62E973926D62D1200D3AC8F /* LayoutView.swift */; };
		B62D20DE2719638600C346FB /* LayoutView.swift in Sources */ = {isa = PBXBuildFile; fileRef = B62E973926D62D1200D3AC8F /* LayoutView.swift */; };
		B62D20DF2719638F00C346FB /* App.swift in Sources */ = {isa = PBXBuildFile; fileRef = B60ECB9026A593A100A5B01C /* App.swift */; };
		B62D20E02719638F00C346FB /* App.swift in Sources */ = {isa = PBXBuildFile; fileRef = B60ECB9026A593A100A5B01C /* App.swift */; };
		B62D20E22719648300C346FB /* VideoLoopView.swift in Sources */ = {isa = PBXBuildFile; fileRef = B62D20E12719648300C346FB /* VideoLoopView.swift */; };
		B62D20E32719648300C346FB /* VideoLoopView.swift in Sources */ = {isa = PBXBuildFile; fileRef = B62D20E12719648300C346FB /* VideoLoopView.swift */; };
		B62E960826D4D0FC00D3AC8F /* HUD+Popup.swift in Sources */ = {isa = PBXBuildFile; fileRef = B62E960126D4D0FC00D3AC8F /* HUD+Popup.swift */; };
		B62E960926D4D0FC00D3AC8F /* HUD+Popup.swift in Sources */ = {isa = PBXBuildFile; fileRef = B62E960126D4D0FC00D3AC8F /* HUD+Popup.swift */; };
		B62E960A26D4D0FC00D3AC8F /* HUD+Progress.swift in Sources */ = {isa = PBXBuildFile; fileRef = B62E960226D4D0FC00D3AC8F /* HUD+Progress.swift */; };
		B62E960B26D4D0FC00D3AC8F /* HUD+Progress.swift in Sources */ = {isa = PBXBuildFile; fileRef = B62E960226D4D0FC00D3AC8F /* HUD+Progress.swift */; };
		B62E960C26D4D0FC00D3AC8F /* HUD.swift in Sources */ = {isa = PBXBuildFile; fileRef = B62E960326D4D0FC00D3AC8F /* HUD.swift */; };
		B62E960D26D4D0FC00D3AC8F /* HUD.swift in Sources */ = {isa = PBXBuildFile; fileRef = B62E960326D4D0FC00D3AC8F /* HUD.swift */; };
		B62E960E26D4D0FC00D3AC8F /* HUD+Loading.swift in Sources */ = {isa = PBXBuildFile; fileRef = B62E960426D4D0FC00D3AC8F /* HUD+Loading.swift */; };
		B62E960F26D4D0FC00D3AC8F /* HUD+Loading.swift in Sources */ = {isa = PBXBuildFile; fileRef = B62E960426D4D0FC00D3AC8F /* HUD+Loading.swift */; };
		B62E961026D4D0FC00D3AC8F /* HUD+Tips.swift in Sources */ = {isa = PBXBuildFile; fileRef = B62E960526D4D0FC00D3AC8F /* HUD+Tips.swift */; };
		B62E961126D4D0FC00D3AC8F /* HUD+Tips.swift in Sources */ = {isa = PBXBuildFile; fileRef = B62E960526D4D0FC00D3AC8F /* HUD+Tips.swift */; };
		B62E961226D4D0FC00D3AC8F /* HUD+Sheet.swift in Sources */ = {isa = PBXBuildFile; fileRef = B62E960626D4D0FC00D3AC8F /* HUD+Sheet.swift */; };
		B62E961326D4D0FC00D3AC8F /* HUD+Sheet.swift in Sources */ = {isa = PBXBuildFile; fileRef = B62E960626D4D0FC00D3AC8F /* HUD+Sheet.swift */; };
		B62E961426D4D0FC00D3AC8F /* HUD+Alert.swift in Sources */ = {isa = PBXBuildFile; fileRef = B62E960726D4D0FC00D3AC8F /* HUD+Alert.swift */; };
		B62E961526D4D0FC00D3AC8F /* HUD+Alert.swift in Sources */ = {isa = PBXBuildFile; fileRef = B62E960726D4D0FC00D3AC8F /* HUD+Alert.swift */; };
		B62E961826D4D25300D3AC8F /* CAAnimation+Add.swift in Sources */ = {isa = PBXBuildFile; fileRef = B62E961726D4D25300D3AC8F /* CAAnimation+Add.swift */; };
		B62E961926D4D25300D3AC8F /* CAAnimation+Add.swift in Sources */ = {isa = PBXBuildFile; fileRef = B62E961726D4D25300D3AC8F /* CAAnimation+Add.swift */; };
		B62E961B26D4D2FD00D3AC8F /* UINavigationController+Add.swift in Sources */ = {isa = PBXBuildFile; fileRef = B62E961A26D4D2FD00D3AC8F /* UINavigationController+Add.swift */; };
		B62E961C26D4D2FD00D3AC8F /* UINavigationController+Add.swift in Sources */ = {isa = PBXBuildFile; fileRef = B62E961A26D4D2FD00D3AC8F /* UINavigationController+Add.swift */; };
		B62E962026D4D43000D3AC8F /* UIBarButtonItemAdd.swift in Sources */ = {isa = PBXBuildFile; fileRef = B62E961F26D4D43000D3AC8F /* UIBarButtonItemAdd.swift */; };
		B62E962126D4D43000D3AC8F /* UIBarButtonItemAdd.swift in Sources */ = {isa = PBXBuildFile; fileRef = B62E961F26D4D43000D3AC8F /* UIBarButtonItemAdd.swift */; };
		B62E962326D4D45400D3AC8F /* WaterflowLayout.swift in Sources */ = {isa = PBXBuildFile; fileRef = B62E962226D4D45400D3AC8F /* WaterflowLayout.swift */; };
		B62E962426D4D45400D3AC8F /* WaterflowLayout.swift in Sources */ = {isa = PBXBuildFile; fileRef = B62E962226D4D45400D3AC8F /* WaterflowLayout.swift */; };
		B62E962926D4D4DD00D3AC8F /* LayerView.swift in Sources */ = {isa = PBXBuildFile; fileRef = B62E962826D4D4DD00D3AC8F /* LayerView.swift */; };
		B62E962A26D4D4DD00D3AC8F /* LayerView.swift in Sources */ = {isa = PBXBuildFile; fileRef = B62E962826D4D4DD00D3AC8F /* LayerView.swift */; };
		B62E962C26D4D51A00D3AC8F /* SheetBox.swift in Sources */ = {isa = PBXBuildFile; fileRef = B62E962B26D4D51A00D3AC8F /* SheetBox.swift */; };
		B62E962D26D4D51A00D3AC8F /* SheetBox.swift in Sources */ = {isa = PBXBuildFile; fileRef = B62E962B26D4D51A00D3AC8F /* SheetBox.swift */; };
		B62E962F26D4D53400D3AC8F /* LocalPlayerView.swift in Sources */ = {isa = PBXBuildFile; fileRef = B62E962E26D4D53400D3AC8F /* LocalPlayerView.swift */; };
		B62E963026D4D53400D3AC8F /* LocalPlayerView.swift in Sources */ = {isa = PBXBuildFile; fileRef = B62E962E26D4D53400D3AC8F /* LocalPlayerView.swift */; };
		B62E963326D4D62400D3AC8F /* UIColor+Config.swift in Sources */ = {isa = PBXBuildFile; fileRef = B62E963226D4D62400D3AC8F /* UIColor+Config.swift */; };
		B62E963426D4D62400D3AC8F /* UIColor+Config.swift in Sources */ = {isa = PBXBuildFile; fileRef = B62E963226D4D62400D3AC8F /* UIColor+Config.swift */; };
		B62E963726D4D6C600D3AC8F /* DebugViewController.swift in Sources */ = {isa = PBXBuildFile; fileRef = B62E963626D4D6C600D3AC8F /* DebugViewController.swift */; };
		B62E963826D4D6C600D3AC8F /* DebugViewController.swift in Sources */ = {isa = PBXBuildFile; fileRef = B62E963626D4D6C600D3AC8F /* DebugViewController.swift */; };
		B661B5EB2711A0DE002F3DAB /* Command.swift in Sources */ = {isa = PBXBuildFile; fileRef = B661B5EA2711A0DE002F3DAB /* Command.swift */; };
		B661B5EC2711A0DE002F3DAB /* Command.swift in Sources */ = {isa = PBXBuildFile; fileRef = B661B5EA2711A0DE002F3DAB /* Command.swift */; };
		B66B2E0426ECC66800D77B60 /* PageControl.swift in Sources */ = {isa = PBXBuildFile; fileRef = B66B2E0226ECC66800D77B60 /* PageControl.swift */; };
		B66B2E0526ECC66800D77B60 /* PageControl.swift in Sources */ = {isa = PBXBuildFile; fileRef = B66B2E0226ECC66800D77B60 /* PageControl.swift */; };
		B6CFDB73269C1454004DA6A9 /* TabBarController.swift in Sources */ = {isa = PBXBuildFile; fileRef = B6CFDB72269C1454004DA6A9 /* TabBarController.swift */; };
		B6CFDB80269C1502004DA6A9 /* UIImage+Add.swift in Sources */ = {isa = PBXBuildFile; fileRef = B6CFDB77269C1502004DA6A9 /* UIImage+Add.swift */; };
		B6CFDB81269C1502004DA6A9 /* UITabBarItem+Add.swift in Sources */ = {isa = PBXBuildFile; fileRef = B6CFDB78269C1502004DA6A9 /* UITabBarItem+Add.swift */; };
		B6CFDB82269C1502004DA6A9 /* UIColor+Add.swift in Sources */ = {isa = PBXBuildFile; fileRef = B6CFDB79269C1502004DA6A9 /* UIColor+Add.swift */; };
		B6CFDB83269C1502004DA6A9 /* UIView+Add.swift in Sources */ = {isa = PBXBuildFile; fileRef = B6CFDB7A269C1502004DA6A9 /* UIView+Add.swift */; };
		B6CFDB84269C1502004DA6A9 /* UIViewController+Add.swift in Sources */ = {isa = PBXBuildFile; fileRef = B6CFDB7B269C1502004DA6A9 /* UIViewController+Add.swift */; };
		B6CFDB85269C1502004DA6A9 /* Value+Add.swift in Sources */ = {isa = PBXBuildFile; fileRef = B6CFDB7D269C1502004DA6A9 /* Value+Add.swift */; };
		B6CFDB86269C1502004DA6A9 /* Date+Add.swift in Sources */ = {isa = PBXBuildFile; fileRef = B6CFDB7E269C1502004DA6A9 /* Date+Add.swift */; };
		B6CFDB87269C1502004DA6A9 /* DispatchQueue+Add.swift in Sources */ = {isa = PBXBuildFile; fileRef = B6CFDB7F269C1502004DA6A9 /* DispatchQueue+Add.swift */; };
		B6CFDB92269C1B47004DA6A9 /* Console.swift in Sources */ = {isa = PBXBuildFile; fileRef = B6CFDB90269C1B47004DA6A9 /* Console.swift */; };
		B6CFDB93269C1B47004DA6A9 /* ObjectUnicode.swift in Sources */ = {isa = PBXBuildFile; fileRef = B6CFDB91269C1B47004DA6A9 /* ObjectUnicode.swift */; };
		B6CFDB9C269C1C88004DA6A9 /* BaseView.swift in Sources */ = {isa = PBXBuildFile; fileRef = B6CFDB9B269C1C88004DA6A9 /* BaseView.swift */; };
		B6CFDB9E269C1C8F004DA6A9 /* BaseViewController.swift in Sources */ = {isa = PBXBuildFile; fileRef = B6CFDB9D269C1C8F004DA6A9 /* BaseViewController.swift */; };
		B6CFDBA5269C1FB2004DA6A9 /* InfoPlist.strings in Resources */ = {isa = PBXBuildFile; fileRef = B6CFDBA7269C1FB2004DA6A9 /* InfoPlist.strings */; };
		B6CFDBA9269C1FC0004DA6A9 /* Localizable.strings in Resources */ = {isa = PBXBuildFile; fileRef = B6CFDBAB269C1FC0004DA6A9 /* Localizable.strings */; };
		B6CFDC3A269C3005004DA6A9 /* ProfileViewController.swift in Sources */ = {isa = PBXBuildFile; fileRef = B6CFDC39269C3005004DA6A9 /* ProfileViewController.swift */; };
		B6D5079D272AD69200DE90BE /* ConstraintMakerRelatable+Add.swift in Sources */ = {isa = PBXBuildFile; fileRef = B6D5079C272AD69200DE90BE /* ConstraintMakerRelatable+Add.swift */; };
		B6D5079E272AD69200DE90BE /* ConstraintMakerRelatable+Add.swift in Sources */ = {isa = PBXBuildFile; fileRef = B6D5079C272AD69200DE90BE /* ConstraintMakerRelatable+Add.swift */; };
		B6E08CDF2701B28C001CA19A /* Dictionary+Add.swift in Sources */ = {isa = PBXBuildFile; fileRef = B6E08CDE2701B28C001CA19A /* Dictionary+Add.swift */; };
		B6E08CE02701B28C001CA19A /* Dictionary+Add.swift in Sources */ = {isa = PBXBuildFile; fileRef = B6E08CDE2701B28C001CA19A /* Dictionary+Add.swift */; };
		B6E08CE22701B291001CA19A /* Sequence+Add.swift in Sources */ = {isa = PBXBuildFile; fileRef = B6E08CE12701B291001CA19A /* Sequence+Add.swift */; };
		B6E08CE32701B291001CA19A /* Sequence+Add.swift in Sources */ = {isa = PBXBuildFile; fileRef = B6E08CE12701B291001CA19A /* Sequence+Add.swift */; };
		B6E46AAF269D9F3100346FC6 /* String+Add.swift in Sources */ = {isa = PBXBuildFile; fileRef = B6E46AAE269D9F3100346FC6 /* String+Add.swift */; };
		B6F05DC726B8E0F200B20796 /* Array+Add.swift in Sources */ = {isa = PBXBuildFile; fileRef = B6F05DC526B8E0F200B20796 /* Array+Add.swift */; };
		B6F05DC826B8E0F200B20796 /* Array+Add.swift in Sources */ = {isa = PBXBuildFile; fileRef = B6F05DC526B8E0F200B20796 /* Array+Add.swift */; };
		B6F05DC926B8E0F200B20796 /* NotificationCenter+Add.swift in Sources */ = {isa = PBXBuildFile; fileRef = B6F05DC626B8E0F200B20796 /* NotificationCenter+Add.swift */; };
		B6F05DCA26B8E0F200B20796 /* NotificationCenter+Add.swift in Sources */ = {isa = PBXBuildFile; fileRef = B6F05DC626B8E0F200B20796 /* NotificationCenter+Add.swift */; };
		B6F05DCF26B90ABC00B20796 /* UIScrollView+Add.swift in Sources */ = {isa = PBXBuildFile; fileRef = B6F05DCE26B90ABC00B20796 /* UIScrollView+Add.swift */; };
		B6F05DD026B90ABC00B20796 /* UIScrollView+Add.swift in Sources */ = {isa = PBXBuildFile; fileRef = B6F05DCE26B90ABC00B20796 /* UIScrollView+Add.swift */; };
/* End PBXBuildFile section */

/* Begin PBXFileReference section */
		607FACD01AFB9204008FA782 /* PROJECT_dev.app */ = {isa = PBXFileReference; explicitFileType = wrapper.application; includeInIndex = 0; path = PROJECT_dev.app; sourceTree = BUILT_PRODUCTS_DIR; };
		607FACD41AFB9204008FA782 /* Info_dev.plist */ = {isa = PBXFileReference; lastKnownFileType = text.plist.xml; path = Info_dev.plist; sourceTree = "<group>"; };
		607FACD51AFB9204008FA782 /* AppDelegate.swift */ = {isa = PBXFileReference; lastKnownFileType = sourcecode.swift; path = AppDelegate.swift; sourceTree = "<group>"; };
		607FACD71AFB9204008FA782 /* HomeViewController.swift */ = {isa = PBXFileReference; lastKnownFileType = sourcecode.swift; path = HomeViewController.swift; sourceTree = "<group>"; };
		607FACDC1AFB9204008FA782 /* Images.xcassets */ = {isa = PBXFileReference; lastKnownFileType = folder.assetcatalog; path = Images.xcassets; sourceTree = "<group>"; };
		B60ECB8E26A593A100A5B01C /* Device.swift */ = {isa = PBXFileReference; fileEncoding = 4; lastKnownFileType = sourcecode.swift; path = Device.swift; sourceTree = "<group>"; };
		B60ECB8F26A593A100A5B01C /* GOMO.swift */ = {isa = PBXFileReference; fileEncoding = 4; lastKnownFileType = sourcecode.swift; path = GOMO.swift; sourceTree = "<group>"; };
		B60ECB9026A593A100A5B01C /* App.swift */ = {isa = PBXFileReference; fileEncoding = 4; lastKnownFileType = sourcecode.swift; path = App.swift; sourceTree = "<group>"; };
		B610EA4A269E8AC600D91E7D /* Constant.h */ = {isa = PBXFileReference; lastKnownFileType = sourcecode.c.h; path = Constant.h; sourceTree = "<group>"; };
		B610EA4B269E8AC600D91E7D /* Constant.m */ = {isa = PBXFileReference; lastKnownFileType = sourcecode.c.objc; path = Constant.m; sourceTree = "<group>"; };
		B610EA6F269EB14F00D91E7D /* PROJECT_dis.app */ = {isa = PBXFileReference; explicitFileType = wrapper.application; includeInIndex = 0; path = PROJECT_dis.app; sourceTree = BUILT_PRODUCTS_DIR; };
		B610EA71269EB21300D91E7D /* Info_dis.plist */ = {isa = PBXFileReference; fileEncoding = 4; lastKnownFileType = text.plist.xml; path = Info_dis.plist; sourceTree = "<group>"; };
		B610EB13269EBA3600D91E7D /* Car.swift */ = {isa = PBXFileReference; lastKnownFileType = sourcecode.swift; path = Car.swift; sourceTree = "<group>"; };
		B610EB16269EBBC900D91E7D /* OC_Call_Swift.h */ = {isa = PBXFileReference; lastKnownFileType = sourcecode.c.h; path = OC_Call_Swift.h; sourceTree = "<group>"; };
		B62B9C4E2698A2C0000A3609 /* Launch Screen.storyboard */ = {isa = PBXFileReference; lastKnownFileType = file.storyboard; path = "Launch Screen.storyboard"; sourceTree = "<group>"; };
		B62B9C562698A631000A3609 /* NavigationViewController.swift */ = {isa = PBXFileReference; lastKnownFileType = sourcecode.swift; path = NavigationViewController.swift; sourceTree = "<group>"; };
		B62D20DA2719628F00C346FB /* Scanner+Add.swift */ = {isa = PBXFileReference; fileEncoding = 4; lastKnownFileType = sourcecode.swift; path = "Scanner+Add.swift"; sourceTree = "<group>"; };
		B62D20E12719648300C346FB /* VideoLoopView.swift */ = {isa = PBXFileReference; fileEncoding = 4; lastKnownFileType = sourcecode.swift; path = VideoLoopView.swift; sourceTree = "<group>"; };
		B62E960126D4D0FC00D3AC8F /* HUD+Popup.swift */ = {isa = PBXFileReference; fileEncoding = 4; lastKnownFileType = sourcecode.swift; path = "HUD+Popup.swift"; sourceTree = "<group>"; };
		B62E960226D4D0FC00D3AC8F /* HUD+Progress.swift */ = {isa = PBXFileReference; fileEncoding = 4; lastKnownFileType = sourcecode.swift; path = "HUD+Progress.swift"; sourceTree = "<group>"; };
		B62E960326D4D0FC00D3AC8F /* HUD.swift */ = {isa = PBXFileReference; fileEncoding = 4; lastKnownFileType = sourcecode.swift; path = HUD.swift; sourceTree = "<group>"; };
		B62E960426D4D0FC00D3AC8F /* HUD+Loading.swift */ = {isa = PBXFileReference; fileEncoding = 4; lastKnownFileType = sourcecode.swift; path = "HUD+Loading.swift"; sourceTree = "<group>"; };
		B62E960526D4D0FC00D3AC8F /* HUD+Tips.swift */ = {isa = PBXFileReference; fileEncoding = 4; lastKnownFileType = sourcecode.swift; path = "HUD+Tips.swift"; sourceTree = "<group>"; };
		B62E960626D4D0FC00D3AC8F /* HUD+Sheet.swift */ = {isa = PBXFileReference; fileEncoding = 4; lastKnownFileType = sourcecode.swift; path = "HUD+Sheet.swift"; sourceTree = "<group>"; };
		B62E960726D4D0FC00D3AC8F /* HUD+Alert.swift */ = {isa = PBXFileReference; fileEncoding = 4; lastKnownFileType = sourcecode.swift; path = "HUD+Alert.swift"; sourceTree = "<group>"; };
		B62E961726D4D25300D3AC8F /* CAAnimation+Add.swift */ = {isa = PBXFileReference; fileEncoding = 4; lastKnownFileType = sourcecode.swift; path = "CAAnimation+Add.swift"; sourceTree = "<group>"; };
		B62E961A26D4D2FD00D3AC8F /* UINavigationController+Add.swift */ = {isa = PBXFileReference; fileEncoding = 4; lastKnownFileType = sourcecode.swift; path = "UINavigationController+Add.swift"; sourceTree = "<group>"; };
		B62E961F26D4D43000D3AC8F /* UIBarButtonItemAdd.swift */ = {isa = PBXFileReference; fileEncoding = 4; lastKnownFileType = sourcecode.swift; path = UIBarButtonItemAdd.swift; sourceTree = "<group>"; };
		B62E962226D4D45400D3AC8F /* WaterflowLayout.swift */ = {isa = PBXFileReference; fileEncoding = 4; lastKnownFileType = sourcecode.swift; path = WaterflowLayout.swift; sourceTree = "<group>"; };
		B62E962826D4D4DD00D3AC8F /* LayerView.swift */ = {isa = PBXFileReference; lastKnownFileType = sourcecode.swift; path = LayerView.swift; sourceTree = "<group>"; };
		B62E962B26D4D51A00D3AC8F /* SheetBox.swift */ = {isa = PBXFileReference; fileEncoding = 4; lastKnownFileType = sourcecode.swift; path = SheetBox.swift; sourceTree = "<group>"; };
		B62E962E26D4D53400D3AC8F /* LocalPlayerView.swift */ = {isa = PBXFileReference; fileEncoding = 4; lastKnownFileType = sourcecode.swift; path = LocalPlayerView.swift; sourceTree = "<group>"; };
		B62E963226D4D62400D3AC8F /* UIColor+Config.swift */ = {isa = PBXFileReference; fileEncoding = 4; lastKnownFileType = sourcecode.swift; path = "UIColor+Config.swift"; sourceTree = "<group>"; };
		B62E963626D4D6C600D3AC8F /* DebugViewController.swift */ = {isa = PBXFileReference; fileEncoding = 4; lastKnownFileType = sourcecode.swift; path = DebugViewController.swift; sourceTree = "<group>"; };
		B62E973926D62D1200D3AC8F /* LayoutView.swift */ = {isa = PBXFileReference; fileEncoding = 4; lastKnownFileType = sourcecode.swift; path = LayoutView.swift; sourceTree = "<group>"; };
		B661B5EA2711A0DE002F3DAB /* Command.swift */ = {isa = PBXFileReference; fileEncoding = 4; lastKnownFileType = sourcecode.swift; path = Command.swift; sourceTree = "<group>"; };
		B66B2E0226ECC66800D77B60 /* PageControl.swift */ = {isa = PBXFileReference; fileEncoding = 4; lastKnownFileType = sourcecode.swift; path = PageControl.swift; sourceTree = "<group>"; };
		B6CFDB72269C1454004DA6A9 /* TabBarController.swift */ = {isa = PBXFileReference; fileEncoding = 4; lastKnownFileType = sourcecode.swift; path = TabBarController.swift; sourceTree = "<group>"; };
		B6CFDB77269C1502004DA6A9 /* UIImage+Add.swift */ = {isa = PBXFileReference; fileEncoding = 4; lastKnownFileType = sourcecode.swift; path = "UIImage+Add.swift"; sourceTree = "<group>"; };
		B6CFDB78269C1502004DA6A9 /* UITabBarItem+Add.swift */ = {isa = PBXFileReference; fileEncoding = 4; lastKnownFileType = sourcecode.swift; path = "UITabBarItem+Add.swift"; sourceTree = "<group>"; };
		B6CFDB79269C1502004DA6A9 /* UIColor+Add.swift */ = {isa = PBXFileReference; fileEncoding = 4; lastKnownFileType = sourcecode.swift; path = "UIColor+Add.swift"; sourceTree = "<group>"; };
		B6CFDB7A269C1502004DA6A9 /* UIView+Add.swift */ = {isa = PBXFileReference; fileEncoding = 4; lastKnownFileType = sourcecode.swift; path = "UIView+Add.swift"; sourceTree = "<group>"; };
		B6CFDB7B269C1502004DA6A9 /* UIViewController+Add.swift */ = {isa = PBXFileReference; fileEncoding = 4; lastKnownFileType = sourcecode.swift; path = "UIViewController+Add.swift"; sourceTree = "<group>"; };
		B6CFDB7D269C1502004DA6A9 /* Value+Add.swift */ = {isa = PBXFileReference; fileEncoding = 4; lastKnownFileType = sourcecode.swift; path = "Value+Add.swift"; sourceTree = "<group>"; };
		B6CFDB7E269C1502004DA6A9 /* Date+Add.swift */ = {isa = PBXFileReference; fileEncoding = 4; lastKnownFileType = sourcecode.swift; path = "Date+Add.swift"; sourceTree = "<group>"; };
		B6CFDB7F269C1502004DA6A9 /* DispatchQueue+Add.swift */ = {isa = PBXFileReference; fileEncoding = 4; lastKnownFileType = sourcecode.swift; path = "DispatchQueue+Add.swift"; sourceTree = "<group>"; };
		B6CFDB88269C155D004DA6A9 /* PROJECT-Bridging-Header.h */ = {isa = PBXFileReference; lastKnownFileType = sourcecode.c.h; path = "PROJECT-Bridging-Header.h"; sourceTree = "<group>"; };
		B6CFDB90269C1B47004DA6A9 /* Console.swift */ = {isa = PBXFileReference; fileEncoding = 4; lastKnownFileType = sourcecode.swift; path = Console.swift; sourceTree = "<group>"; };
		B6CFDB91269C1B47004DA6A9 /* ObjectUnicode.swift */ = {isa = PBXFileReference; fileEncoding = 4; lastKnownFileType = sourcecode.swift; path = ObjectUnicode.swift; sourceTree = "<group>"; };
		B6CFDB9B269C1C88004DA6A9 /* BaseView.swift */ = {isa = PBXFileReference; fileEncoding = 4; lastKnownFileType = sourcecode.swift; path = BaseView.swift; sourceTree = "<group>"; };
		B6CFDB9D269C1C8F004DA6A9 /* BaseViewController.swift */ = {isa = PBXFileReference; fileEncoding = 4; lastKnownFileType = sourcecode.swift; path = BaseViewController.swift; sourceTree = "<group>"; };
		B6CFDBA6269C1FB2004DA6A9 /* en */ = {isa = PBXFileReference; lastKnownFileType = text.plist.strings; name = en; path = en.lproj/InfoPlist.strings; sourceTree = "<group>"; };
		B6CFDBA8269C1FB6004DA6A9 /* zh-Hans */ = {isa = PBXFileReference; lastKnownFileType = text.plist.strings; name = "zh-Hans"; path = "zh-Hans.lproj/InfoPlist.strings"; sourceTree = "<group>"; };
		B6CFDBAA269C1FC0004DA6A9 /* en */ = {isa = PBXFileReference; lastKnownFileType = text.plist.strings; name = en; path = en.lproj/Localizable.strings; sourceTree = "<group>"; };
		B6CFDBAC269C1FC3004DA6A9 /* zh-Hans */ = {isa = PBXFileReference; lastKnownFileType = text.plist.strings; name = "zh-Hans"; path = "zh-Hans.lproj/Localizable.strings"; sourceTree = "<group>"; };
		B6CFDC39269C3005004DA6A9 /* ProfileViewController.swift */ = {isa = PBXFileReference; lastKnownFileType = sourcecode.swift; path = ProfileViewController.swift; sourceTree = "<group>"; };
		B6D5079C272AD69200DE90BE /* ConstraintMakerRelatable+Add.swift */ = {isa = PBXFileReference; fileEncoding = 4; lastKnownFileType = sourcecode.swift; path = "ConstraintMakerRelatable+Add.swift"; sourceTree = "<group>"; };
		B6E08CDE2701B28C001CA19A /* Dictionary+Add.swift */ = {isa = PBXFileReference; fileEncoding = 4; lastKnownFileType = sourcecode.swift; path = "Dictionary+Add.swift"; sourceTree = "<group>"; };
		B6E08CE12701B291001CA19A /* Sequence+Add.swift */ = {isa = PBXFileReference; fileEncoding = 4; lastKnownFileType = sourcecode.swift; path = "Sequence+Add.swift"; sourceTree = "<group>"; };
		B6E46AAE269D9F3100346FC6 /* String+Add.swift */ = {isa = PBXFileReference; lastKnownFileType = sourcecode.swift; path = "String+Add.swift"; sourceTree = "<group>"; };
		B6F05DC526B8E0F200B20796 /* Array+Add.swift */ = {isa = PBXFileReference; fileEncoding = 4; lastKnownFileType = sourcecode.swift; path = "Array+Add.swift"; sourceTree = "<group>"; };
		B6F05DC626B8E0F200B20796 /* NotificationCenter+Add.swift */ = {isa = PBXFileReference; fileEncoding = 4; lastKnownFileType = sourcecode.swift; path = "NotificationCenter+Add.swift"; sourceTree = "<group>"; };
		B6F05DCE26B90ABC00B20796 /* UIScrollView+Add.swift */ = {isa = PBXFileReference; fileEncoding = 4; lastKnownFileType = sourcecode.swift; path = "UIScrollView+Add.swift"; sourceTree = "<group>"; };
/* End PBXFileReference section */

/* Begin PBXFrameworksBuildPhase section */
		607FACCD1AFB9204008FA782 /* Frameworks */ = {
			isa = PBXFrameworksBuildPhase;
			buildActionMask = 2147483647;
			files = (
			);
			runOnlyForDeploymentPostprocessing = 0;
		};
		B610EA66269EB14F00D91E7D /* Frameworks */ = {
			isa = PBXFrameworksBuildPhase;
			buildActionMask = 2147483647;
			files = (
			);
			runOnlyForDeploymentPostprocessing = 0;
		};
/* End PBXFrameworksBuildPhase section */

/* Begin PBXGroup section */
		607FACC71AFB9204008FA782 = {
			isa = PBXGroup;
			children = (
				607FACD21AFB9204008FA782 /* PROJECT */,
				607FACD11AFB9204008FA782 /* Products */,
			);
			sourceTree = "<group>";
		};
		607FACD11AFB9204008FA782 /* Products */ = {
			isa = PBXGroup;
			children = (
				607FACD01AFB9204008FA782 /* PROJECT_dev.app */,
				B610EA6F269EB14F00D91E7D /* PROJECT_dis.app */,
			);
			name = Products;
			sourceTree = "<group>";
		};
		607FACD21AFB9204008FA782 /* PROJECT */ = {
			isa = PBXGroup;
			children = (
				607FACD51AFB9204008FA782 /* AppDelegate.swift */,
				B6B3B1CF26C0D53D00551431 /* Libs */,
				B6CFDB74269C14D6004DA6A9 /* General */,
				B62B9C4D2698A281000A3609 /* Modules */,
				B62B9C482698A1C1000A3609 /* Other */,
				B62B9C492698A1D5000A3609 /* Resources */,
			);
			path = PROJECT;
			sourceTree = "<group>";
		};
		B62B9C482698A1C1000A3609 /* Other */ = {
			isa = PBXGroup;
			children = (
				B610EA71269EB21300D91E7D /* Info_dis.plist */,
				607FACD41AFB9204008FA782 /* Info_dev.plist */,
				B6CFDB88269C155D004DA6A9 /* PROJECT-Bridging-Header.h */,
				B610EB16269EBBC900D91E7D /* OC_Call_Swift.h */,
			);
			path = Other;
			sourceTree = "<group>";
		};
		B62B9C492698A1D5000A3609 /* Resources */ = {
			isa = PBXGroup;
			children = (
				607FACDC1AFB9204008FA782 /* Images.xcassets */,
				B62B9C4E2698A2C0000A3609 /* Launch Screen.storyboard */,
				B6CFDBA7269C1FB2004DA6A9 /* InfoPlist.strings */,
				B6CFDBAB269C1FC0004DA6A9 /* Localizable.strings */,
			);
			path = Resources;
			sourceTree = "<group>";
		};
		B62B9C4D2698A281000A3609 /* Modules */ = {
			isa = PBXGroup;
			children = (
				B62E963526D4D6B400D3AC8F /* Setting */,
				B62B9C552698A51D000A3609 /* Main */,
				B62B9C502698A373000A3609 /* Home */,
				B6CFDC38269C2FDF004DA6A9 /* Profile */,
			);
			path = Modules;
			sourceTree = "<group>";
		};
		B62B9C502698A373000A3609 /* Home */ = {
			isa = PBXGroup;
			children = (
				607FACD71AFB9204008FA782 /* HomeViewController.swift */,
			);
			path = Home;
			sourceTree = "<group>";
		};
		B62B9C552698A51D000A3609 /* Main */ = {
			isa = PBXGroup;
			children = (
				B6CFDB72269C1454004DA6A9 /* TabBarController.swift */,
				B62B9C562698A631000A3609 /* NavigationViewController.swift */,
			);
			path = Main;
			sourceTree = "<group>";
		};
		B62E960026D4D0FC00D3AC8F /* HUD */ = {
			isa = PBXGroup;
			children = (
				B62E960326D4D0FC00D3AC8F /* HUD.swift */,
				B62E960426D4D0FC00D3AC8F /* HUD+Loading.swift */,
				B62E960526D4D0FC00D3AC8F /* HUD+Tips.swift */,
				B62E960226D4D0FC00D3AC8F /* HUD+Progress.swift */,
				B62E960726D4D0FC00D3AC8F /* HUD+Alert.swift */,
				B62E960126D4D0FC00D3AC8F /* HUD+Popup.swift */,
				B62E960626D4D0FC00D3AC8F /* HUD+Sheet.swift */,
			);
			path = HUD;
			sourceTree = "<group>";
		};
		B62E961626D4D25300D3AC8F /* QuartzCore */ = {
			isa = PBXGroup;
			children = (
				B62E961726D4D25300D3AC8F /* CAAnimation+Add.swift */,
			);
			path = QuartzCore;
			sourceTree = "<group>";
		};
		B62E961D26D4D41C00D3AC8F /* Other */ = {
			isa = PBXGroup;
			children = (
				B62E962226D4D45400D3AC8F /* WaterflowLayout.swift */,
				B62E961F26D4D43000D3AC8F /* UIBarButtonItemAdd.swift */,
			);
			path = Other;
			sourceTree = "<group>";
		};
		B62E961E26D4D42700D3AC8F /* Views */ = {
			isa = PBXGroup;
			children = (
				B62E962826D4D4DD00D3AC8F /* LayerView.swift */,
				B62E962B26D4D51A00D3AC8F /* SheetBox.swift */,
				B62E962E26D4D53400D3AC8F /* LocalPlayerView.swift */,
				B66B2E0226ECC66800D77B60 /* PageControl.swift */,
				B62D20E12719648300C346FB /* VideoLoopView.swift */,
			);
			path = Views;
			sourceTree = "<group>";
		};
		B62E963126D4D60900D3AC8F /* Config */ = {
			isa = PBXGroup;
			children = (
				B62E963226D4D62400D3AC8F /* UIColor+Config.swift */,
			);
			path = Config;
			sourceTree = "<group>";
		};
		B62E963526D4D6B400D3AC8F /* Setting */ = {
			isa = PBXGroup;
			children = (
				B62E963626D4D6C600D3AC8F /* DebugViewController.swift */,
			);
			path = Setting;
			sourceTree = "<group>";
		};
		B6B3B1CF26C0D53D00551431 /* Libs */ = {
			isa = PBXGroup;
			children = (
			);
			path = Libs;
			sourceTree = "<group>";
		};
		B6CFDB74269C14D6004DA6A9 /* General */ = {
			isa = PBXGroup;
			children = (
				B62E960026D4D0FC00D3AC8F /* HUD */,
				B6D4A32426DC7C410049A824 /* Protocol */,
				B62E963126D4D60900D3AC8F /* Config */,
				B6CFDB99269C1C79004DA6A9 /* Custom */,
				B6CFDB8F269C1B3E004DA6A9 /* Tool */,
				B6CFDB75269C14E5004DA6A9 /* Extension */,
			);
			path = General;
			sourceTree = "<group>";
		};
		B6CFDB75269C14E5004DA6A9 /* Extension */ = {
			isa = PBXGroup;
			children = (
				B6D5079C272AD69200DE90BE /* ConstraintMakerRelatable+Add.swift */,
				B62E961626D4D25300D3AC8F /* QuartzCore */,
				B6CFDB7C269C1502004DA6A9 /* Foundation */,
				B6CFDB76269C1502004DA6A9 /* UIKit */,
			);
			path = Extension;
			sourceTree = "<group>";
		};
		B6CFDB76269C1502004DA6A9 /* UIKit */ = {
			isa = PBXGroup;
			children = (
				B6CFDB79269C1502004DA6A9 /* UIColor+Add.swift */,
				B6CFDB77269C1502004DA6A9 /* UIImage+Add.swift */,
				B62E961A26D4D2FD00D3AC8F /* UINavigationController+Add.swift */,
				B6CFDB78269C1502004DA6A9 /* UITabBarItem+Add.swift */,
				B6CFDB7A269C1502004DA6A9 /* UIView+Add.swift */,
				B6CFDB7B269C1502004DA6A9 /* UIViewController+Add.swift */,
				B6F05DCE26B90ABC00B20796 /* UIScrollView+Add.swift */,
			);
			path = UIKit;
			sourceTree = "<group>";
		};
		B6CFDB7C269C1502004DA6A9 /* Foundation */ = {
			isa = PBXGroup;
			children = (
				B6CFDB7D269C1502004DA6A9 /* Value+Add.swift */,
				B6CFDB7E269C1502004DA6A9 /* Date+Add.swift */,
				B6CFDB7F269C1502004DA6A9 /* DispatchQueue+Add.swift */,
				B6E46AAE269D9F3100346FC6 /* String+Add.swift */,
				B6F05DC526B8E0F200B20796 /* Array+Add.swift */,
				B6E08CDE2701B28C001CA19A /* Dictionary+Add.swift */,
				B6F05DC626B8E0F200B20796 /* NotificationCenter+Add.swift */,
				B6E08CE12701B291001CA19A /* Sequence+Add.swift */,
				B62D20DA2719628F00C346FB /* Scanner+Add.swift */,
			);
			path = Foundation;
			sourceTree = "<group>";
		};
		B6CFDB8F269C1B3E004DA6A9 /* Tool */ = {
			isa = PBXGroup;
			children = (
				B60ECB9026A593A100A5B01C /* App.swift */,
				B610EB13269EBA3600D91E7D /* Car.swift */,
				B6CFDB90269C1B47004DA6A9 /* Console.swift */,
				B610EA4A269E8AC600D91E7D /* Constant.h */,
				B610EA4B269E8AC600D91E7D /* Constant.m */,
				B60ECB8E26A593A100A5B01C /* Device.swift */,
				B60ECB8F26A593A100A5B01C /* GOMO.swift */,
				B6CFDB91269C1B47004DA6A9 /* ObjectUnicode.swift */,
				B661B5EA2711A0DE002F3DAB /* Command.swift */,
			);
			path = Tool;
			sourceTree = "<group>";
		};
		B6CFDB99269C1C79004DA6A9 /* Custom */ = {
			isa = PBXGroup;
			children = (
				B62E961E26D4D42700D3AC8F /* Views */,
				B62E961D26D4D41C00D3AC8F /* Other */,
				B6CFDB9A269C1C80004DA6A9 /* Base */,
			);
			path = Custom;
			sourceTree = "<group>";
		};
		B6CFDB9A269C1C80004DA6A9 /* Base */ = {
			isa = PBXGroup;
			children = (
				B62E973926D62D1200D3AC8F /* LayoutView.swift */,
				B6CFDB9D269C1C8F004DA6A9 /* BaseViewController.swift */,
				B6CFDB9B269C1C88004DA6A9 /* BaseView.swift */,
			);
			path = Base;
			sourceTree = "<group>";
		};
		B6CFDC38269C2FDF004DA6A9 /* Profile */ = {
			isa = PBXGroup;
			children = (
				B6CFDC39269C3005004DA6A9 /* ProfileViewController.swift */,
			);
			path = Profile;
			sourceTree = "<group>";
		};
		B6D4A32426DC7C410049A824 /* Protocol */ = {
			isa = PBXGroup;
			children = (
			);
			path = Protocol;
			sourceTree = "<group>";
		};
/* End PBXGroup section */

/* Begin PBXNativeTarget section */
		607FACCF1AFB9204008FA782 /* PROJECT_dev */ = {
			isa = PBXNativeTarget;
			buildConfigurationList = 607FACEF1AFB9204008FA782 /* Build configuration list for PBXNativeTarget "PROJECT_dev" */;
			buildPhases = (
				607FACCC1AFB9204008FA782 /* Sources */,
				607FACCD1AFB9204008FA782 /* Frameworks */,
				607FACCE1AFB9204008FA782 /* Resources */,
			);
			buildRules = (
			);
			dependencies = (
			);
			name = PROJECT_dev;
			productName = PROJECT;
			productReference = 607FACD01AFB9204008FA782 /* PROJECT_dev.app */;
			productType = "com.apple.product-type.application";
		};
		B610EA4D269EB14F00D91E7D /* PROJECT_dis */ = {
			isa = PBXNativeTarget;
			buildConfigurationList = B610EA6C269EB14F00D91E7D /* Build configuration list for PBXNativeTarget "PROJECT_dis" */;
			buildPhases = (
				B610EA4E269EB14F00D91E7D /* Sources */,
				B610EA66269EB14F00D91E7D /* Frameworks */,
				B610EA67269EB14F00D91E7D /* Resources */,
			);
			buildRules = (
			);
			dependencies = (
			);
			name = PROJECT_dis;
			productName = PROJECT;
			productReference = B610EA6F269EB14F00D91E7D /* PROJECT_dis.app */;
			productType = "com.apple.product-type.application";
		};
/* End PBXNativeTarget section */

/* Begin PBXProject section */
		607FACC81AFB9204008FA782 /* Project object */ = {
			isa = PBXProject;
			attributes = {
				LastSwiftUpdateCheck = 0830;
				LastUpgradeCheck = 0830;
				ORGANIZATIONNAME = gomo;
				TargetAttributes = {
					607FACCF1AFB9204008FA782 = {
						CreatedOnToolsVersion = 6.3.1;
						LastSwiftMigration = 1250;
					};
				};
			};
			buildConfigurationList = 607FACCB1AFB9204008FA782 /* Build configuration list for PBXProject "PROJECT" */;
			compatibilityVersion = "Xcode 10.0";
			developmentRegion = en;
			hasScannedForEncodings = 0;
			knownRegions = (
				en,
				Base,
				"zh-Hans",
			);
			mainGroup = 607FACC71AFB9204008FA782;
			productRefGroup = 607FACD11AFB9204008FA782 /* Products */;
			projectDirPath = "";
			projectRoot = "";
			targets = (
				607FACCF1AFB9204008FA782 /* PROJECT_dev */,
				B610EA4D269EB14F00D91E7D /* PROJECT_dis */,
			);
		};
/* End PBXProject section */

/* Begin PBXResourcesBuildPhase section */
		607FACCE1AFB9204008FA782 /* Resources */ = {
			isa = PBXResourcesBuildPhase;
			buildActionMask = 2147483647;
			files = (
				B62B9C4F2698A2C0000A3609 /* Launch Screen.storyboard in Resources */,
				B610EA73269EB21C00D91E7D /* Info_dev.plist in Resources */,
				B6CFDBA9269C1FC0004DA6A9 /* Localizable.strings in Resources */,
				B6CFDBA5269C1FB2004DA6A9 /* InfoPlist.strings in Resources */,
				607FACDD1AFB9204008FA782 /* Images.xcassets in Resources */,
			);
			runOnlyForDeploymentPostprocessing = 0;
		};
		B610EA67269EB14F00D91E7D /* Resources */ = {
			isa = PBXResourcesBuildPhase;
			buildActionMask = 2147483647;
			files = (
				B610EA68269EB14F00D91E7D /* Launch Screen.storyboard in Resources */,
				B610EA69269EB14F00D91E7D /* Localizable.strings in Resources */,
				B610EA72269EB21300D91E7D /* Info_dis.plist in Resources */,
				B610EA6A269EB14F00D91E7D /* InfoPlist.strings in Resources */,
				B610EA6B269EB14F00D91E7D /* Images.xcassets in Resources */,
			);
			runOnlyForDeploymentPostprocessing = 0;
		};
/* End PBXResourcesBuildPhase section */

/* Begin PBXSourcesBuildPhase section */
		607FACCC1AFB9204008FA782 /* Sources */ = {
			isa = PBXSourcesBuildPhase;
			buildActionMask = 2147483647;
			files = (
				B62E962F26D4D53400D3AC8F /* LocalPlayerView.swift in Sources */,
				B62E961026D4D0FC00D3AC8F /* HUD+Tips.swift in Sources */,
				B62E961226D4D0FC00D3AC8F /* HUD+Sheet.swift in Sources */,
				B6F05DCF26B90ABC00B20796 /* UIScrollView+Add.swift in Sources */,
				B6CFDB83269C1502004DA6A9 /* UIView+Add.swift in Sources */,
				B610EB14269EBA3600D91E7D /* Car.swift in Sources */,
				B6CFDB85269C1502004DA6A9 /* Value+Add.swift in Sources */,
				B62B9C572698A631000A3609 /* NavigationViewController.swift in Sources */,
				B6CFDB9E269C1C8F004DA6A9 /* BaseViewController.swift in Sources */,
				B6CFDB92269C1B47004DA6A9 /* Console.swift in Sources */,
				B62E960A26D4D0FC00D3AC8F /* HUD+Progress.swift in Sources */,
				B60ECB9326A593A100A5B01C /* GOMO.swift in Sources */,
				B62E962026D4D43000D3AC8F /* UIBarButtonItemAdd.swift in Sources */,
				B62E963326D4D62400D3AC8F /* UIColor+Config.swift in Sources */,
				B6CFDB84269C1502004DA6A9 /* UIViewController+Add.swift in Sources */,
				B610EA4C269E8AC600D91E7D /* Constant.m in Sources */,
				B6CFDB73269C1454004DA6A9 /* TabBarController.swift in Sources */,
				B62D20E22719648300C346FB /* VideoLoopView.swift in Sources */,
				B6D5079D272AD69200DE90BE /* ConstraintMakerRelatable+Add.swift in Sources */,
				B62E962926D4D4DD00D3AC8F /* LayerView.swift in Sources */,
				B62D20DD2719638500C346FB /* LayoutView.swift in Sources */,
				B6F05DC726B8E0F200B20796 /* Array+Add.swift in Sources */,
				B6CFDB82269C1502004DA6A9 /* UIColor+Add.swift in Sources */,
				B62E961826D4D25300D3AC8F /* CAAnimation+Add.swift in Sources */,
				B62D20DF2719638F00C346FB /* App.swift in Sources */,
				B6F05DC926B8E0F200B20796 /* NotificationCenter+Add.swift in Sources */,
				607FACD81AFB9204008FA782 /* HomeViewController.swift in Sources */,
				B62E960E26D4D0FC00D3AC8F /* HUD+Loading.swift in Sources */,
				607FACD61AFB9204008FA782 /* AppDelegate.swift in Sources */,
				B6CFDB81269C1502004DA6A9 /* UITabBarItem+Add.swift in Sources */,
				B62D20DB2719628F00C346FB /* Scanner+Add.swift in Sources */,
				B62E960826D4D0FC00D3AC8F /* HUD+Popup.swift in Sources */,
				B6CFDB80269C1502004DA6A9 /* UIImage+Add.swift in Sources */,
				B62E963726D4D6C600D3AC8F /* DebugViewController.swift in Sources */,
				B6E46AAF269D9F3100346FC6 /* String+Add.swift in Sources */,
				B62E961426D4D0FC00D3AC8F /* HUD+Alert.swift in Sources */,
				B62E962C26D4D51A00D3AC8F /* SheetBox.swift in Sources */,
				B6E08CE22701B291001CA19A /* Sequence+Add.swift in Sources */,
				B6CFDB93269C1B47004DA6A9 /* ObjectUnicode.swift in Sources */,
				B62E962326D4D45400D3AC8F /* WaterflowLayout.swift in Sources */,
				B62E961B26D4D2FD00D3AC8F /* UINavigationController+Add.swift in Sources */,
				B66B2E0426ECC66800D77B60 /* PageControl.swift in Sources */,
				B62E960C26D4D0FC00D3AC8F /* HUD.swift in Sources */,
				B6CFDB9C269C1C88004DA6A9 /* BaseView.swift in Sources */,
				B6CFDC3A269C3005004DA6A9 /* ProfileViewController.swift in Sources */,
				B6CFDB86269C1502004DA6A9 /* Date+Add.swift in Sources */,
				B6E08CDF2701B28C001CA19A /* Dictionary+Add.swift in Sources */,
				B661B5EB2711A0DE002F3DAB /* Command.swift in Sources */,
				B6CFDB87269C1502004DA6A9 /* DispatchQueue+Add.swift in Sources */,
				B60ECB9126A593A100A5B01C /* Device.swift in Sources */,
			);
			runOnlyForDeploymentPostprocessing = 0;
		};
		B610EA4E269EB14F00D91E7D /* Sources */ = {
			isa = PBXSourcesBuildPhase;
			buildActionMask = 2147483647;
			files = (
				B62E963026D4D53400D3AC8F /* LocalPlayerView.swift in Sources */,
				B62E961126D4D0FC00D3AC8F /* HUD+Tips.swift in Sources */,
				B62E961326D4D0FC00D3AC8F /* HUD+Sheet.swift in Sources */,
				B6F05DD026B90ABC00B20796 /* UIScrollView+Add.swift in Sources */,
				B610EA4F269EB14F00D91E7D /* UIView+Add.swift in Sources */,
				B610EB15269EBA3600D91E7D /* Car.swift in Sources */,
				B610EA51269EB14F00D91E7D /* Value+Add.swift in Sources */,
				B610EA54269EB14F00D91E7D /* NavigationViewController.swift in Sources */,
				B610EA55269EB14F00D91E7D /* BaseViewController.swift in Sources */,
				B610EA56269EB14F00D91E7D /* Console.swift in Sources */,
				B62E960B26D4D0FC00D3AC8F /* HUD+Progress.swift in Sources */,
				B60ECB9426A593A100A5B01C /* GOMO.swift in Sources */,
				B62E962126D4D43000D3AC8F /* UIBarButtonItemAdd.swift in Sources */,
				B62E963426D4D62400D3AC8F /* UIColor+Config.swift in Sources */,
				B610EA57269EB14F00D91E7D /* UIViewController+Add.swift in Sources */,
				B610EA58269EB14F00D91E7D /* Constant.m in Sources */,
				B610EA59269EB14F00D91E7D /* TabBarController.swift in Sources */,
				B62D20E32719648300C346FB /* VideoLoopView.swift in Sources */,
				B6D5079E272AD69200DE90BE /* ConstraintMakerRelatable+Add.swift in Sources */,
				B62E962A26D4D4DD00D3AC8F /* LayerView.swift in Sources */,
				B62D20DE2719638600C346FB /* LayoutView.swift in Sources */,
				B6F05DC826B8E0F200B20796 /* Array+Add.swift in Sources */,
				B610EA5A269EB14F00D91E7D /* UIColor+Add.swift in Sources */,
				B62E961926D4D25300D3AC8F /* CAAnimation+Add.swift in Sources */,
				B62D20E02719638F00C346FB /* App.swift in Sources */,
				B6F05DCA26B8E0F200B20796 /* NotificationCenter+Add.swift in Sources */,
				B610EA5B269EB14F00D91E7D /* HomeViewController.swift in Sources */,
				B62E960F26D4D0FC00D3AC8F /* HUD+Loading.swift in Sources */,
				B610EA5C269EB14F00D91E7D /* AppDelegate.swift in Sources */,
				B610EA5E269EB14F00D91E7D /* UITabBarItem+Add.swift in Sources */,
				B62D20DC2719628F00C346FB /* Scanner+Add.swift in Sources */,
				B62E960926D4D0FC00D3AC8F /* HUD+Popup.swift in Sources */,
				B610EA5F269EB14F00D91E7D /* UIImage+Add.swift in Sources */,
				B62E963826D4D6C600D3AC8F /* DebugViewController.swift in Sources */,
				B610EA60269EB14F00D91E7D /* String+Add.swift in Sources */,
				B62E961526D4D0FC00D3AC8F /* HUD+Alert.swift in Sources */,
				B62E962D26D4D51A00D3AC8F /* SheetBox.swift in Sources */,
				B6E08CE32701B291001CA19A /* Sequence+Add.swift in Sources */,
				B610EA61269EB14F00D91E7D /* ObjectUnicode.swift in Sources */,
				B62E962426D4D45400D3AC8F /* WaterflowLayout.swift in Sources */,
				B62E961C26D4D2FD00D3AC8F /* UINavigationController+Add.swift in Sources */,
				B66B2E0526ECC66800D77B60 /* PageControl.swift in Sources */,
				B62E960D26D4D0FC00D3AC8F /* HUD.swift in Sources */,
				B610EA62269EB14F00D91E7D /* BaseView.swift in Sources */,
				B610EA63269EB14F00D91E7D /* ProfileViewController.swift in Sources */,
				B610EA64269EB14F00D91E7D /* Date+Add.swift in Sources */,
				B6E08CE02701B28C001CA19A /* Dictionary+Add.swift in Sources */,
				B661B5EC2711A0DE002F3DAB /* Command.swift in Sources */,
				B610EA65269EB14F00D91E7D /* DispatchQueue+Add.swift in Sources */,
				B60ECB9226A593A100A5B01C /* Device.swift in Sources */,
			);
			runOnlyForDeploymentPostprocessing = 0;
		};
/* End PBXSourcesBuildPhase section */

/* Begin PBXVariantGroup section */
		B6CFDBA7269C1FB2004DA6A9 /* InfoPlist.strings */ = {
			isa = PBXVariantGroup;
			children = (
				B6CFDBA6269C1FB2004DA6A9 /* en */,
				B6CFDBA8269C1FB6004DA6A9 /* zh-Hans */,
			);
			name = InfoPlist.strings;
			sourceTree = "<group>";
		};
		B6CFDBAB269C1FC0004DA6A9 /* Localizable.strings */ = {
			isa = PBXVariantGroup;
			children = (
				B6CFDBAA269C1FC0004DA6A9 /* en */,
				B6CFDBAC269C1FC3004DA6A9 /* zh-Hans */,
			);
			name = Localizable.strings;
			sourceTree = "<group>";
		};
/* End PBXVariantGroup section */

/* Begin XCBuildConfiguration section */
		607FACED1AFB9204008FA782 /* Debug */ = {
			isa = XCBuildConfiguration;
			buildSettings = {
				ALWAYS_SEARCH_USER_PATHS = NO;
				CLANG_CXX_LANGUAGE_STANDARD = "gnu++0x";
				CLANG_CXX_LIBRARY = "libc++";
				CLANG_ENABLE_MODULES = YES;
				CLANG_ENABLE_OBJC_ARC = YES;
				CLANG_WARN_BLOCK_CAPTURE_AUTORELEASING = YES;
				CLANG_WARN_BOOL_CONVERSION = YES;
				CLANG_WARN_COMMA = YES;
				CLANG_WARN_CONSTANT_CONVERSION = YES;
				CLANG_WARN_DIRECT_OBJC_ISA_USAGE = YES_ERROR;
				CLANG_WARN_EMPTY_BODY = YES;
				CLANG_WARN_ENUM_CONVERSION = YES;
				CLANG_WARN_INFINITE_RECURSION = YES;
				CLANG_WARN_INT_CONVERSION = YES;
				CLANG_WARN_NON_LITERAL_NULL_CONVERSION = YES;
				CLANG_WARN_OBJC_LITERAL_CONVERSION = YES;
				CLANG_WARN_OBJC_ROOT_CLASS = YES_ERROR;
				CLANG_WARN_RANGE_LOOP_ANALYSIS = YES;
				CLANG_WARN_STRICT_PROTOTYPES = YES;
				CLANG_WARN_SUSPICIOUS_MOVE = YES;
				CLANG_WARN_UNREACHABLE_CODE = YES;
				CLANG_WARN__DUPLICATE_METHOD_MATCH = YES;
				"CODE_SIGN_IDENTITY[sdk=iphoneos*]" = "iPhone Developer";
				COPY_PHASE_STRIP = NO;
				DEBUG_INFORMATION_FORMAT = "dwarf-with-dsym";
				ENABLE_STRICT_OBJC_MSGSEND = YES;
				ENABLE_TESTABILITY = YES;
				GCC_C_LANGUAGE_STANDARD = gnu99;
				GCC_DYNAMIC_NO_PIC = NO;
				GCC_NO_COMMON_BLOCKS = YES;
				GCC_OPTIMIZATION_LEVEL = 0;
				GCC_PREPROCESSOR_DEFINITIONS = (
					"DEBUG=1",
					"$(inherited)",
				);
				GCC_SYMBOLS_PRIVATE_EXTERN = NO;
				GCC_WARN_64_TO_32_BIT_CONVERSION = YES;
				GCC_WARN_ABOUT_RETURN_TYPE = YES_ERROR;
				GCC_WARN_UNDECLARED_SELECTOR = YES;
				GCC_WARN_UNINITIALIZED_AUTOS = YES_AGGRESSIVE;
				GCC_WARN_UNUSED_FUNCTION = YES;
				GCC_WARN_UNUSED_VARIABLE = YES;
				IPHONEOS_DEPLOYMENT_TARGET = 11.0;
				MTL_ENABLE_DEBUG_INFO = YES;
				ONLY_ACTIVE_ARCH = YES;
				SDKROOT = iphoneos;
				SWIFT_OPTIMIZATION_LEVEL = "-Onone";
			};
			name = Debug;
		};
		607FACEE1AFB9204008FA782 /* Release */ = {
			isa = XCBuildConfiguration;
			buildSettings = {
				ALWAYS_SEARCH_USER_PATHS = NO;
				CLANG_CXX_LANGUAGE_STANDARD = "gnu++0x";
				CLANG_CXX_LIBRARY = "libc++";
				CLANG_ENABLE_MODULES = YES;
				CLANG_ENABLE_OBJC_ARC = YES;
				CLANG_WARN_BLOCK_CAPTURE_AUTORELEASING = YES;
				CLANG_WARN_BOOL_CONVERSION = YES;
				CLANG_WARN_COMMA = YES;
				CLANG_WARN_CONSTANT_CONVERSION = YES;
				CLANG_WARN_DIRECT_OBJC_ISA_USAGE = YES_ERROR;
				CLANG_WARN_EMPTY_BODY = YES;
				CLANG_WARN_ENUM_CONVERSION = YES;
				CLANG_WARN_INFINITE_RECURSION = YES;
				CLANG_WARN_INT_CONVERSION = YES;
				CLANG_WARN_NON_LITERAL_NULL_CONVERSION = YES;
				CLANG_WARN_OBJC_LITERAL_CONVERSION = YES;
				CLANG_WARN_OBJC_ROOT_CLASS = YES_ERROR;
				CLANG_WARN_RANGE_LOOP_ANALYSIS = YES;
				CLANG_WARN_STRICT_PROTOTYPES = YES;
				CLANG_WARN_SUSPICIOUS_MOVE = YES;
				CLANG_WARN_UNREACHABLE_CODE = YES;
				CLANG_WARN__DUPLICATE_METHOD_MATCH = YES;
				"CODE_SIGN_IDENTITY[sdk=iphoneos*]" = "iPhone Developer";
				COPY_PHASE_STRIP = NO;
				DEBUG_INFORMATION_FORMAT = "dwarf-with-dsym";
				ENABLE_NS_ASSERTIONS = NO;
				ENABLE_STRICT_OBJC_MSGSEND = YES;
				GCC_C_LANGUAGE_STANDARD = gnu99;
				GCC_NO_COMMON_BLOCKS = YES;
				GCC_WARN_64_TO_32_BIT_CONVERSION = YES;
				GCC_WARN_ABOUT_RETURN_TYPE = YES_ERROR;
				GCC_WARN_UNDECLARED_SELECTOR = YES;
				GCC_WARN_UNINITIALIZED_AUTOS = YES_AGGRESSIVE;
				GCC_WARN_UNUSED_FUNCTION = YES;
				GCC_WARN_UNUSED_VARIABLE = YES;
				IPHONEOS_DEPLOYMENT_TARGET = 11.0;
				MTL_ENABLE_DEBUG_INFO = NO;
				SDKROOT = iphoneos;
				SWIFT_COMPILATION_MODE = wholemodule;
				SWIFT_OPTIMIZATION_LEVEL = "-O";
				VALIDATE_PRODUCT = YES;
			};
			name = Release;
		};
		607FACF01AFB9204008FA782 /* Debug */ = {
			isa = XCBuildConfiguration;
			buildSettings = {
				ASSETCATALOG_COMPILER_APPICON_NAME = AppIcon;
				CLANG_ENABLE_MODULES = YES;
				CURRENT_PROJECT_VERSION = 0;
				DEVELOPMENT_TEAM = NW3KV7KHV6;
				GCC_PREPROCESSOR_DEFINITIONS = (
					"DEBUG=1",
					"$(inherited)",
					"DEVELOPMENT=1",
				);
				INFOPLIST_FILE = PROJECT/Other/Info_dev.plist;
				LD_RUNPATH_SEARCH_PATHS = (
					"$(inherited)",
					"@executable_path/Frameworks",
				);
				MODULE_NAME = ExampleApp;
				OTHER_SWIFT_FLAGS = "-D DEVELOPMENT";
				PRODUCT_BUNDLE_IDENTIFIER = "com.gomo.swiftdemo.PROJECT-dev";
				PRODUCT_NAME = "$(TARGET_NAME)";
				SWIFT_ACTIVE_COMPILATION_CONDITIONS = DEBUG;
				SWIFT_OBJC_BRIDGING_HEADER = "PROJECT/Other/PROJECT-Bridging-Header.h";
				SWIFT_OPTIMIZATION_LEVEL = "-Onone";
				SWIFT_SWIFT3_OBJC_INFERENCE = Default;
				SWIFT_VERSION = 5.0;
			};
			name = Debug;
		};
		607FACF11AFB9204008FA782 /* Release */ = {
			isa = XCBuildConfiguration;
			buildSettings = {
				ASSETCATALOG_COMPILER_APPICON_NAME = AppIcon;
				CLANG_ENABLE_MODULES = YES;
				CURRENT_PROJECT_VERSION = 0;
				DEVELOPMENT_TEAM = NW3KV7KHV6;
				GCC_PREPROCESSOR_DEFINITIONS = "DEVELOPMENT=1";
				INFOPLIST_FILE = PROJECT/Other/Info_dev.plist;
				LD_RUNPATH_SEARCH_PATHS = (
					"$(inherited)",
					"@executable_path/Frameworks",
				);
				MODULE_NAME = ExampleApp;
				OTHER_SWIFT_FLAGS = "-D DEVELOPMENT";
				PRODUCT_BUNDLE_IDENTIFIER = "com.gomo.swiftdemo.PROJECT-dev";
				PRODUCT_NAME = "$(TARGET_NAME)";
				SWIFT_OBJC_BRIDGING_HEADER = "PROJECT/Other/PROJECT-Bridging-Header.h";
				SWIFT_SWIFT3_OBJC_INFERENCE = Default;
				SWIFT_VERSION = 5.0;
			};
			name = Release;
		};
		B610EA6D269EB14F00D91E7D /* Debug */ = {
			isa = XCBuildConfiguration;
			buildSettings = {
				ASSETCATALOG_COMPILER_APPICON_NAME = AppIcon;
				CLANG_ENABLE_MODULES = YES;
				CURRENT_PROJECT_VERSION = 0;
				DEVELOPMENT_TEAM = NW3KV7KHV6;
				INFOPLIST_FILE = PROJECT/Other/Info_dis.plist;
				LD_RUNPATH_SEARCH_PATHS = (
					"$(inherited)",
					"@executable_path/Frameworks",
				);
				MODULE_NAME = ExampleApp;
				PRODUCT_BUNDLE_IDENTIFIER = "com.gomo.swiftdemo.PROJECT-dis";
				PRODUCT_NAME = "$(TARGET_NAME)";
				SWIFT_ACTIVE_COMPILATION_CONDITIONS = DEBUG;
				SWIFT_OBJC_BRIDGING_HEADER = "PROJECT/Other/PROJECT-Bridging-Header.h";
				SWIFT_OPTIMIZATION_LEVEL = "-Onone";
				SWIFT_SWIFT3_OBJC_INFERENCE = Default;
				SWIFT_VERSION = 5.0;
			};
			name = Debug;
		};
		B610EA6E269EB14F00D91E7D /* Release */ = {
			isa = XCBuildConfiguration;
			buildSettings = {
				ASSETCATALOG_COMPILER_APPICON_NAME = AppIcon;
				CLANG_ENABLE_MODULES = YES;
				CURRENT_PROJECT_VERSION = 0;
				DEVELOPMENT_TEAM = NW3KV7KHV6;
				INFOPLIST_FILE = PROJECT/Other/Info_dis.plist;
				LD_RUNPATH_SEARCH_PATHS = (
					"$(inherited)",
					"@executable_path/Frameworks",
				);
				MODULE_NAME = ExampleApp;
				PRODUCT_BUNDLE_IDENTIFIER = "com.gomo.swiftdemo.PROJECT-dis";
				PRODUCT_NAME = "$(TARGET_NAME)";
				SWIFT_OBJC_BRIDGING_HEADER = "PROJECT/Other/PROJECT-Bridging-Header.h";
				SWIFT_SWIFT3_OBJC_INFERENCE = Default;
				SWIFT_VERSION = 5.0;
			};
			name = Release;
		};
/* End XCBuildConfiguration section */

/* Begin XCConfigurationList section */
		607FACCB1AFB9204008FA782 /* Build configuration list for PBXProject "PROJECT" */ = {
			isa = XCConfigurationList;
			buildConfigurations = (
				607FACED1AFB9204008FA782 /* Debug */,
				607FACEE1AFB9204008FA782 /* Release */,
			);
			defaultConfigurationIsVisible = 0;
			defaultConfigurationName = Release;
		};
		607FACEF1AFB9204008FA782 /* Build configuration list for PBXNativeTarget "PROJECT_dev" */ = {
			isa = XCConfigurationList;
			buildConfigurations = (
				607FACF01AFB9204008FA782 /* Debug */,
				607FACF11AFB9204008FA782 /* Release */,
			);
			defaultConfigurationIsVisible = 0;
			defaultConfigurationName = Release;
		};
		B610EA6C269EB14F00D91E7D /* Build configuration list for PBXNativeTarget "PROJECT_dis" */ = {
			isa = XCConfigurationList;
			buildConfigurations = (
				B610EA6D269EB14F00D91E7D /* Debug */,
				B610EA6E269EB14F00D91E7D /* Release */,
			);
			defaultConfigurationIsVisible = 0;
			defaultConfigurationName = Release;
		};
/* End XCConfigurationList section */
	};
	rootObject = 607FACC81AFB9204008FA782 /* Project object */;
}
